
Microsoft Visual Studio Solution File, Format Version 12.00
# Visual Studio Version 17
VisualStudioVersion = 17.11.35312.102
MinimumVisualStudioVersion = 10.0.40219.1
Project("{FAE04EC0-301F-11D3-BF4B-00C04F79EFBC}") = "backend-app", "backend-app\backend-app.csproj", "{7CCF1BAF-12A1-4599-92F7-1296AC97F67A}"
EndProject
Global
	GlobalSection(SolutionConfigurationPlatforms) = preSolution
		Debug|Any CPU = Debug|Any CPU
		Release|Any CPU = Release|Any CPU
	EndGlobalSection
	GlobalSection(ProjectConfigurationPlatforms) = postSolution
		{7CCF1BAF-12A1-4599-92F7-1296AC97F67A}.Debug|Any CPU.ActiveCfg = Debug|Any CPU
		{7CCF1BAF-12A1-4599-92F7-1296AC97F67A}.Debug|Any CPU.Build.0 = Debug|Any CPU
		{7CCF1BAF-12A1-4599-92F7-1296AC97F67A}.Release|Any CPU.ActiveCfg = Release|Any CPU
		{7CCF1BAF-12A1-4599-92F7-1296AC97F67A}.Release|Any CPU.Build.0 = Release|Any CPU
	EndGlobalSection
	GlobalSection(SolutionProperties) = preSolution
		HideSolutionNode = FALSE
	EndGlobalSection
	GlobalSection(ExtensibilityGlobals) = postSolution
		SolutionGuid = {2972ED05-FA85-4714-A455-68870D48C4D5}
	EndGlobalSection
EndGlobal
